
Microsoft Visual Studio Solution File, Format Version 12.00
# Visual Studio Version 17
VisualStudioVersion = 17.5.33502.453
MinimumVisualStudioVersion = 10.0.40219.1
Project("{FAE04EC0-301F-11D3-BF4B-00C04F79EFBC}") = "BildanovSharpikLabaThird", "BildanovSharpikLabaThird\BildanovSharpikLabaThird.csproj", "{4210E28C-9F2B-49E2-BD39-626BAFF648DA}"
EndProject
Global
	GlobalSection(SolutionConfigurationPlatforms) = preSolution
		Debug|Any CPU = Debug|Any CPU
		Release|Any CPU = Release|Any CPU
	EndGlobalSection
	GlobalSection(ProjectConfigurationPlatforms) = postSolution
		{4210E28C-9F2B-49E2-BD39-626BAFF648DA}.Debug|Any CPU.ActiveCfg = Debug|Any CPU
		{4210E28C-9F2B-49E2-BD39-626BAFF648DA}.Debug|Any CPU.Build.0 = Debug|Any CPU
		{4210E28C-9F2B-49E2-BD39-626BAFF648DA}.Release|Any CPU.ActiveCfg = Release|Any CPU
		{4210E28C-9F2B-49E2-BD39-626BAFF648DA}.Release|Any CPU.Build.0 = Release|Any CPU
	EndGlobalSection
	GlobalSection(SolutionProperties) = preSolution
		HideSolutionNode = FALSE
	EndGlobalSection
	GlobalSection(ExtensibilityGlobals) = postSolution
		SolutionGuid = {E403633F-4D30-4253-BFD5-F73CA3DBCA7D}
	EndGlobalSection
EndGlobal
